deedles.dev/xdg v0.0.0-20221204185143-ec764ac6922f h1:jfB03vsvDXWW84yLOw9E7G5fkR05RbVEDaN+Qkf7Wyw=
deedles.dev/xdg v0.0.0-20221204185143-ec764ac6922f/go.mod h1:v5p8ilY8jLmaiZ5lmAHBm2GfJ7/GShVNFMdGtuF3JI8=
golang.org/x/sys v0.3.0 h1:w8ZOecv6NaNa/zC8944JTU3vz4u6Lagfk4RPQxv92NQ=
golang.org/x/sys v0.3.0/go.mod h1:oPkhp1MJrh7nUepCBck5+mAzfO9JrbApNNgaTdGDITg=
